
Microsoft Visual Studio Solution File, Format Version 12.00
# Visual Studio 2017
Project("{FAE04EC0-301F-11D3-BF4B-00C04F79EFBC}") = "multiPlayer", "multiPlayer.csproj", "{9817808C-E177-B347-F01F-BCA4CD35F327}"
EndProject
Global
	GlobalSection(SolutionConfigurationPlatforms) = preSolution
		Debug|Any CPU = Debug|Any CPU
		Release|Any CPU = Release|Any CPU
	EndGlobalSection
	GlobalSection(ProjectConfigurationPlatforms) = postSolution
		{9817808C-E177-B347-F01F-BCA4CD35F327}.Debug|Any CPU.ActiveCfg = Debug|Any CPU
		{9817808C-E177-B347-F01F-BCA4CD35F327}.Debug|Any CPU.Build.0 = Debug|Any CPU
		{9817808C-E177-B347-F01F-BCA4CD35F327}.Release|Any CPU.ActiveCfg = Release|Any CPU
		{9817808C-E177-B347-F01F-BCA4CD35F327}.Release|Any CPU.Build.0 = Release|Any CPU
	EndGlobalSection
	GlobalSection(SolutionProperties) = preSolution
		HideSolutionNode = FALSE
	EndGlobalSection
EndGlobal
